
Microsoft Visual Studio Solution File, Format Version 12.00
# Visual Studio Version 17
VisualStudioVersion = 17.3.32929.385
MinimumVisualStudioVersion = 10.0.40219.1
Project("{FAE04EC0-301F-11D3-BF4B-00C04F79EFBC}") = "C969-Samuel-McMasters", "C969-Samuel-McMasters.csproj", "{0D5A8870-8039-4E9B-996C-67A20BB59335}"
EndProject
Global
	GlobalSection(SolutionConfigurationPlatforms) = preSolution
		Debug|Any CPU = Debug|Any CPU
		Release|Any CPU = Release|Any CPU
	EndGlobalSection
	GlobalSection(ProjectConfigurationPlatforms) = postSolution
		{0D5A8870-8039-4E9B-996C-67A20BB59335}.Debug|Any CPU.ActiveCfg = Debug|Any CPU
		{0D5A8870-8039-4E9B-996C-67A20BB59335}.Debug|Any CPU.Build.0 = Debug|Any CPU
		{0D5A8870-8039-4E9B-996C-67A20BB59335}.Release|Any CPU.ActiveCfg = Release|Any CPU
		{0D5A8870-8039-4E9B-996C-67A20BB59335}.Release|Any CPU.Build.0 = Release|Any CPU
	EndGlobalSection
	GlobalSection(SolutionProperties) = preSolution
		HideSolutionNode = FALSE
	EndGlobalSection
	GlobalSection(ExtensibilityGlobals) = postSolution
		SolutionGuid = {73632F8C-A35C-4066-8D48-98FB2A9BA9D9}
	EndGlobalSection
EndGlobal
